<?xml version="1.0" encoding="utf-8"?>
<Project ToolsVersion="4.0" xmlns="http://schemas.microsoft.com/developer/msbuild/2003">
  <ItemGroup>
    <ClCompile Include="gauge.cpp">
      <Filter>NewFilter1\ゲージ</Filter>
    </ClCompile>
    <ClCompile Include="bg.cpp">
      <Filter>NewFilter1</Filter>
    </ClCompile>
    <ClCompile Include="base.cpp">
      <Filter>NewFilter1</Filter>
    </ClCompile>
    <ClCompile Include="explosion.cpp">
      <Filter>NewFilter1</Filter>
    </ClCompile>
    <ClCompile Include="fade.cpp">
      <Filter>NewFilter1</Filter>
    </ClCompile>
    <ClCompile Include="fade_scene.cpp">
      <Filter>NewFilter1</Filter>
    </ClCompile>
    <ClCompile Include="game.cpp">
      <Filter>NewFilter1</Filter>
    </ClCompile>
    <ClCompile Include="input.cpp">
      <Filter>NewFilter1</Filter>
    </ClCompile>
    <ClCompile Include="input_joypad.cpp">
      <Filter>NewFilter1</Filter>
    </ClCompile>
    <ClCompile Include="input_keyboard.cpp">
      <Filter>NewFilter1</Filter>
    </ClCompile>
    <ClCompile Include="input_mouse.cpp">
      <Filter>NewFilter1</Filter>
    </ClCompile>
    <ClCompile Include="library.cpp">
      <Filter>NewFilter1</Filter>
    </ClCompile>
    <ClCompile Include="load.cpp">
      <Filter>NewFilter1</Filter>
    </ClCompile>
    <ClCompile Include="logo.cpp">
      <Filter>NewFilter1</Filter>
    </ClCompile>
    <ClCompile Include="main.cpp">
      <Filter>NewFilter1</Filter>
    </ClCompile>
    <ClCompile Include="manager.cpp">
      <Filter>NewFilter1</Filter>
    </ClCompile>
    <ClCompile Include="number.cpp">
      <Filter>NewFilter1</Filter>
    </ClCompile>
    <ClCompile Include="object.cpp">
      <Filter>NewFilter1</Filter>
    </ClCompile>
    <ClCompile Include="object2D.cpp">
      <Filter>NewFilter1</Filter>
    </ClCompile>
    <ClCompile Include="pause.cpp">
      <Filter>NewFilter1</Filter>
    </ClCompile>
    <ClCompile Include="player.cpp">
      <Filter>NewFilter1</Filter>
    </ClCompile>
    <ClCompile Include="rank.cpp">
      <Filter>NewFilter1</Filter>
    </ClCompile>
    <ClCompile Include="renderer.cpp">
      <Filter>NewFilter1</Filter>
    </ClCompile>
    <ClCompile Include="result.cpp">
      <Filter>NewFilter1</Filter>
    </ClCompile>
    <ClCompile Include="score.cpp">
      <Filter>NewFilter1</Filter>
    </ClCompile>
    <ClCompile Include="sound.cpp">
      <Filter>NewFilter1</Filter>
    </ClCompile>
    <ClCompile Include="title.cpp">
      <Filter>NewFilter1</Filter>
    </ClCompile>
    <ClCompile Include="gaugeber.cpp">
      <Filter>NewFilter1\ゲージ</Filter>
    </ClCompile>
  </ItemGroup>
  <ItemGroup>
    <ClInclude Include="gauge.h">
      <Filter>NewFilter1\ゲージ</Filter>
    </ClInclude>
    <ClInclude Include="bg.h">
      <Filter>NewFilter1</Filter>
    </ClInclude>
    <ClInclude Include="base.h">
      <Filter>NewFilter1</Filter>
    </ClInclude>
    <ClInclude Include="explosion.h">
      <Filter>NewFilter1</Filter>
    </ClInclude>
    <ClInclude Include="fade.h">
      <Filter>NewFilter1</Filter>
    </ClInclude>
    <ClInclude Include="fade_scene.h">
      <Filter>NewFilter1</Filter>
    </ClInclude>
    <ClInclude Include="game.h">
      <Filter>NewFilter1</Filter>
    </ClInclude>
    <ClInclude Include="input.h">
      <Filter>NewFilter1</Filter>
    </ClInclude>
    <ClInclude Include="input_joypad.h">
      <Filter>NewFilter1</Filter>
    </ClInclude>
    <ClInclude Include="input_keyboard.h">
      <Filter>NewFilter1</Filter>
    </ClInclude>
    <ClInclude Include="input_mouse.h">
      <Filter>NewFilter1</Filter>
    </ClInclude>
    <ClInclude Include="library.h">
      <Filter>NewFilter1</Filter>
    </ClInclude>
    <ClInclude Include="load.h">
      <Filter>NewFilter1</Filter>
    </ClInclude>
    <ClInclude Include="logo.h">
      <Filter>NewFilter1</Filter>
    </ClInclude>
    <ClInclude Include="main.h">
      <Filter>NewFilter1</Filter>
    </ClInclude>
    <ClInclude Include="manager.h">
      <Filter>NewFilter1</Filter>
    </ClInclude>
    <ClInclude Include="number.h">
      <Filter>NewFilter1</Filter>
    </ClInclude>
    <ClInclude Include="object.h">
      <Filter>NewFilter1</Filter>
    </ClInclude>
    <ClInclude Include="object2D.h">
      <Filter>NewFilter1</Filter>
    </ClInclude>
    <ClInclude Include="pause.h">
      <Filter>NewFilter1</Filter>
    </ClInclude>
    <ClInclude Include="player.h">
      <Filter>NewFilter1</Filter>
    </ClInclude>
    <ClInclude Include="rank.h">
      <Filter>NewFilter1</Filter>
    </ClInclude>
    <ClInclude Include="renderer.h">
      <Filter>NewFilter1</Filter>
    </ClInclude>
    <ClInclude Include="result.h">
      <Filter>NewFilter1</Filter>
    </ClInclude>
    <ClInclude Include="score.h">
      <Filter>NewFilter1</Filter>
    </ClInclude>
    <ClInclude Include="sound.h">
      <Filter>NewFilter1</Filter>
    </ClInclude>
    <ClInclude Include="title.h">
      <Filter>NewFilter1</Filter>
    </ClInclude>
    <ClInclude Include="gaugeber.h">
      <Filter>NewFilter1\ゲージ</Filter>
    </ClInclude>
  </ItemGroup>
  <ItemGroup>
    <Filter Include="NewFilter1">
      <UniqueIdentifier>{31f80a95-a56e-4b8f-a909-5f631da2582f}</UniqueIdentifier>
    </Filter>
    <Filter Include="NewFilter1\ゲージ">
      <UniqueIdentifier>{3fe3824d-acf6-4e5c-a7f2-1e4f8190ef53}</UniqueIdentifier>
    </Filter>
  </ItemGroup>
</Project>